
Microsoft Visual Studio Solution File, Format Version 12.00
# Visual Studio Version 16
VisualStudioVersion = 16.0.32106.194
MinimumVisualStudioVersion = 10.0.40219.1
Project("{FAE04EC0-301F-11D3-BF4B-00C04F79EFBC}") = "Activity_5", "Activity_5\Activity_5.csproj", "{203DF39D-DBE8-405D-BB0D-A472DF80230E}"
EndProject
Global
	GlobalSection(SolutionConfigurationPlatforms) = preSolution
		Debug|Any CPU = Debug|Any CPU
		Release|Any CPU = Release|Any CPU
	EndGlobalSection
	GlobalSection(ProjectConfigurationPlatforms) = postSolution
		{203DF39D-DBE8-405D-BB0D-A472DF80230E}.Debug|Any CPU.ActiveCfg = Debug|Any CPU
		{203DF39D-DBE8-405D-BB0D-A472DF80230E}.Debug|Any CPU.Build.0 = Debug|Any CPU
		{203DF39D-DBE8-405D-BB0D-A472DF80230E}.Release|Any CPU.ActiveCfg = Release|Any CPU
		{203DF39D-DBE8-405D-BB0D-A472DF80230E}.Release|Any CPU.Build.0 = Release|Any CPU
	EndGlobalSection
	GlobalSection(SolutionProperties) = preSolution
		HideSolutionNode = FALSE
	EndGlobalSection
	GlobalSection(ExtensibilityGlobals) = postSolution
		SolutionGuid = {A1F41D4B-FC50-4728-90F8-1B6D284CAE30}
	EndGlobalSection
EndGlobal
